
Microsoft Visual Studio Solution File, Format Version 12.00
# Visual Studio 15
VisualStudioVersion = 15.0.28307.705
MinimumVisualStudioVersion = 10.0.40219.1
Project("{FAE04EC0-301F-11D3-BF4B-00C04F79EFBC}") = "ExpenseAPI", "ExpenseAPI\ExpenseAPI.csproj", "{47CA6237-86FD-4F58-9C9D-8274D8C3B8D6}"
EndProject
Global
	GlobalSection(SolutionConfigurationPlatforms) = preSolution
		Debug|Any CPU = Debug|Any CPU
		Release|Any CPU = Release|Any CPU
	EndGlobalSection
	GlobalSection(ProjectConfigurationPlatforms) = postSolution
		{47CA6237-86FD-4F58-9C9D-8274D8C3B8D6}.Debug|Any CPU.ActiveCfg = Debug|Any CPU
		{47CA6237-86FD-4F58-9C9D-8274D8C3B8D6}.Debug|Any CPU.Build.0 = Debug|Any CPU
		{47CA6237-86FD-4F58-9C9D-8274D8C3B8D6}.Release|Any CPU.ActiveCfg = Release|Any CPU
		{47CA6237-86FD-4F58-9C9D-8274D8C3B8D6}.Release|Any CPU.Build.0 = Release|Any CPU
	EndGlobalSection
	GlobalSection(SolutionProperties) = preSolution
		HideSolutionNode = FALSE
	EndGlobalSection
	GlobalSection(ExtensibilityGlobals) = postSolution
		SolutionGuid = {B1656A62-EBBE-4685-A756-05439A72C899}
	EndGlobalSection
EndGlobal
